// !$*UTF8*$!
{
	archiveVersion = 1;
	classes = {
	};
	objectVersion = 50;
	objects = {

/* Begin PBXBuildFile section */
		DC6DE52C25EE44DD00CCD853 /* MealDetailController.swift in Sources */ = {isa = PBXBuildFile; fileRef = DC6DE52B25EE44DD00CCD853 /* MealDetailController.swift */; };
		DC6DE52F25EE45A100CCD853 /* MealDetail.swift in Sources */ = {isa = PBXBuildFile; fileRef = DC6DE52E25EE45A100CCD853 /* MealDetail.swift */; };
		DCDC8A9325E7DA510063C310 /* AppDelegate.swift in Sources */ = {isa = PBXBuildFile; fileRef = DCDC8A9225E7DA510063C310 /* AppDelegate.swift */; };
		DCDC8A9525E7DA510063C310 /* SceneDelegate.swift in Sources */ = {isa = PBXBuildFile; fileRef = DCDC8A9425E7DA510063C310 /* SceneDelegate.swift */; };
		DCDC8A9725E7DA510063C310 /* MealListController.swift in Sources */ = {isa = PBXBuildFile; fileRef = DCDC8A9625E7DA510063C310 /* MealListController.swift */; };
		DCDC8A9A25E7DA510063C310 /* Main.storyboard in Resources */ = {isa = PBXBuildFile; fileRef = DCDC8A9825E7DA510063C310 /* Main.storyboard */; };
		DCDC8A9C25E7DA530063C310 /* Assets.xcassets in Resources */ = {isa = PBXBuildFile; fileRef = DCDC8A9B25E7DA530063C310 /* Assets.xcassets */; };
		DCDC8A9F25E7DA530063C310 /* LaunchScreen.storyboard in Resources */ = {isa = PBXBuildFile; fileRef = DCDC8A9D25E7DA530063C310 /* LaunchScreen.storyboard */; };
		DCDC8AB225E7F0560063C310 /* TheMeal.swift in Sources */ = {isa = PBXBuildFile; fileRef = DCDC8AB125E7F0560063C310 /* TheMeal.swift */; };
		DCDC8AB525E7F1300063C310 /* TheMealApi.swift in Sources */ = {isa = PBXBuildFile; fileRef = DCDC8AB425E7F1300063C310 /* TheMealApi.swift */; };
		DCDC8ABA25E7F5D20063C310 /* Ingredient.swift in Sources */ = {isa = PBXBuildFile; fileRef = DCDC8AB925E7F5D20063C310 /* Ingredient.swift */; };
		DCDC8ABE25E811AD0063C310 /* Meal.swift in Sources */ = {isa = PBXBuildFile; fileRef = DCDC8ABD25E811AD0063C310 /* Meal.swift */; };
/* End PBXBuildFile section */

/* Begin PBXFileReference section */
		DC6DE52B25EE44DD00CCD853 /* MealDetailController.swift */ = {isa = PBXFileReference; lastKnownFileType = sourcecode.swift; path = MealDetailController.swift; sourceTree = "<group>"; };
		DC6DE52E25EE45A100CCD853 /* MealDetail.swift */ = {isa = PBXFileReference; lastKnownFileType = sourcecode.swift; path = MealDetail.swift; sourceTree = "<group>"; };
		DCDC8A8F25E7DA510063C310 /* AssesmentMBDI2021.app */ = {isa = PBXFileReference; explicitFileType = wrapper.application; includeInIndex = 0; path = AssesmentMBDI2021.app; sourceTree = BUILT_PRODUCTS_DIR; };
		DCDC8A9225E7DA510063C310 /* AppDelegate.swift */ = {isa = PBXFileReference; lastKnownFileType = sourcecode.swift; path = AppDelegate.swift; sourceTree = "<group>"; };
		DCDC8A9425E7DA510063C310 /* SceneDelegate.swift */ = {isa = PBXFileReference; lastKnownFileType = sourcecode.swift; path = SceneDelegate.swift; sourceTree = "<group>"; };
		DCDC8A9625E7DA510063C310 /* MealListController.swift */ = {isa = PBXFileReference; lastKnownFileType = sourcecode.swift; path = MealListController.swift; sourceTree = "<group>"; };
		DCDC8A9925E7DA510063C310 /* Base */ = {isa = PBXFileReference; lastKnownFileType = file.storyboard; name = Base; path = Base.lproj/Main.storyboard; sourceTree = "<group>"; };
		DCDC8A9B25E7DA530063C310 /* Assets.xcassets */ = {isa = PBXFileReference; lastKnownFileType = folder.assetcatalog; path = Assets.xcassets; sourceTree = "<group>"; };
		DCDC8A9E25E7DA530063C310 /* Base */ = {isa = PBXFileReference; lastKnownFileType = file.storyboard; name = Base; path = Base.lproj/LaunchScreen.storyboard; sourceTree = "<group>"; };
		DCDC8AA025E7DA530063C310 /* Info.plist */ = {isa = PBXFileReference; lastKnownFileType = text.plist.xml; path = Info.plist; sourceTree = "<group>"; };
		DCDC8AB125E7F0560063C310 /* TheMeal.swift */ = {isa = PBXFileReference; lastKnownFileType = sourcecode.swift; path = TheMeal.swift; sourceTree = "<group>"; };
		DCDC8AB425E7F1300063C310 /* TheMealApi.swift */ = {isa = PBXFileReference; lastKnownFileType = sourcecode.swift; path = TheMealApi.swift; sourceTree = "<group>"; };
		DCDC8AB925E7F5D20063C310 /* Ingredient.swift */ = {isa = PBXFileReference; lastKnownFileType = sourcecode.swift; path = Ingredient.swift; sourceTree = "<group>"; };
		DCDC8ABD25E811AD0063C310 /* Meal.swift */ = {isa = PBXFileReference; lastKnownFileType = sourcecode.swift; path = Meal.swift; sourceTree = "<group>"; };
/* End PBXFileReference section */

/* Begin PBXFrameworksBuildPhase section */
		DCDC8A8C25E7DA510063C310 /* Frameworks */ = {
			isa = PBXFrameworksBuildPhase;
			buildActionMask = 2147483647;
			files = (
			);
			runOnlyForDeploymentPostprocessing = 0;
		};
/* End PBXFrameworksBuildPhase section */

/* Begin PBXGroup section */
		DCDC8A8625E7DA510063C310 = {
			isa = PBXGroup;
			children = (
				DCDC8A9125E7DA510063C310 /* AssesmentMBDI2021 */,
				DCDC8A9025E7DA510063C310 /* Products */,
			);
			sourceTree = "<group>";
		};
		DCDC8A9025E7DA510063C310 /* Products */ = {
			isa = PBXGroup;
			children = (
				DCDC8A8F25E7DA510063C310 /* AssesmentMBDI2021.app */,
			);
			name = Products;
			sourceTree = "<group>";
		};
		DCDC8A9125E7DA510063C310 /* AssesmentMBDI2021 */ = {
			isa = PBXGroup;
			children = (
				DCDC8AAE25E7E5680063C310 /* ModelLayer */,
				DCDC8AAD25E7E55A0063C310 /* ProcessLayer */,
				DCDC8AAC25E7E54C0063C310 /* PresentationLayer */,
				DCDC8AA025E7DA530063C310 /* Info.plist */,
			);
			path = AssesmentMBDI2021;
			sourceTree = "<group>";
		};
		DCDC8AAC25E7E54C0063C310 /* PresentationLayer */ = {
			isa = PBXGroup;
			children = (
				DCDC8A9625E7DA510063C310 /* MealListController.swift */,
				DC6DE52B25EE44DD00CCD853 /* MealDetailController.swift */,
				DCDC8A9B25E7DA530063C310 /* Assets.xcassets */,
				DCDC8A9425E7DA510063C310 /* SceneDelegate.swift */,
				DCDC8A9D25E7DA530063C310 /* LaunchScreen.storyboard */,
				DCDC8A9825E7DA510063C310 /* Main.storyboard */,
			);
			path = PresentationLayer;
			sourceTree = "<group>";
		};
		DCDC8AAD25E7E55A0063C310 /* ProcessLayer */ = {
			isa = PBXGroup;
			children = (
				DCDC8A9225E7DA510063C310 /* AppDelegate.swift */,
				DCDC8AB125E7F0560063C310 /* TheMeal.swift */,
			);
			path = ProcessLayer;
			sourceTree = "<group>";
		};
		DCDC8AAE25E7E5680063C310 /* ModelLayer */ = {
			isa = PBXGroup;
			children = (
				DCDC8AB425E7F1300063C310 /* TheMealApi.swift */,
				DCDC8AB925E7F5D20063C310 /* Ingredient.swift */,
				DCDC8ABD25E811AD0063C310 /* Meal.swift */,
				DC6DE52E25EE45A100CCD853 /* MealDetail.swift */,
			);
			path = ModelLayer;
			sourceTree = "<group>";
		};
/* End PBXGroup section */

/* Begin PBXNativeTarget section */
		DCDC8A8E25E7DA510063C310 /* AssesmentMBDI2021 */ = {
			isa = PBXNativeTarget;
			buildConfigurationList = DCDC8AA325E7DA530063C310 /* Build configuration list for PBXNativeTarget "AssesmentMBDI2021" */;
			buildPhases = (
				DCDC8A8B25E7DA510063C310 /* Sources */,
				DCDC8A8C25E7DA510063C310 /* Frameworks */,
				DCDC8A8D25E7DA510063C310 /* Resources */,
			);
			buildRules = (
			);
			dependencies = (
			);
			name = AssesmentMBDI2021;
			productName = AssesmentMBDI2021;
			productReference = DCDC8A8F25E7DA510063C310 /* AssesmentMBDI2021.app */;
			productType = "com.apple.product-type.application";
		};
/* End PBXNativeTarget section */

/* Begin PBXProject section */
		DCDC8A8725E7DA510063C310 /* Project object */ = {
			isa = PBXProject;
			attributes = {
				LastSwiftUpdateCheck = 1240;
				LastUpgradeCheck = 1240;
				TargetAttributes = {
					DCDC8A8E25E7DA510063C310 = {
						CreatedOnToolsVersion = 12.4;
					};
				};
			};
			buildConfigurationList = DCDC8A8A25E7DA510063C310 /* Build configuration list for PBXProject "AssesmentMBDI2021" */;
			compatibilityVersion = "Xcode 9.3";
			developmentRegion = en;
			hasScannedForEncodings = 0;
			knownRegions = (
				en,
				Base,
			);
			mainGroup = DCDC8A8625E7DA510063C310;
			productRefGroup = DCDC8A9025E7DA510063C310 /* Products */;
			projectDirPath = "";
			projectRoot = "";
			targets = (
				DCDC8A8E25E7DA510063C310 /* AssesmentMBDI2021 */,
			);
		};
/* End PBXProject section */

/* Begin PBXResourcesBuildPhase section */
		DCDC8A8D25E7DA510063C310 /* Resources */ = {
			isa = PBXResourcesBuildPhase;
			buildActionMask = 2147483647;
			files = (
				DCDC8A9F25E7DA530063C310 /* LaunchScreen.storyboard in Resources */,
				DCDC8A9C25E7DA530063C310 /* Assets.xcassets in Resources */,
				DCDC8A9A25E7DA510063C310 /* Main.storyboard in Resources */,
			);
			runOnlyForDeploymentPostprocessing = 0;
		};
/* End PBXResourcesBuildPhase section */

/* Begin PBXSourcesBuildPhase section */
		DCDC8A8B25E7DA510063C310 /* Sources */ = {
			isa = PBXSourcesBuildPhase;
			buildActionMask = 2147483647;
			files = (
				DCDC8AB225E7F0560063C310 /* TheMeal.swift in Sources */,
				DCDC8A9725E7DA510063C310 /* MealListController.swift in Sources */,
				DCDC8AB525E7F1300063C310 /* TheMealApi.swift in Sources */,
				DC6DE52F25EE45A100CCD853 /* MealDetail.swift in Sources */,
				DC6DE52C25EE44DD00CCD853 /* MealDetailController.swift in Sources */,
				DCDC8A9325E7DA510063C310 /* AppDelegate.swift in Sources */,
				DCDC8ABA25E7F5D20063C310 /* Ingredient.swift in Sources */,
				DCDC8ABE25E811AD0063C310 /* Meal.swift in Sources */,
				DCDC8A9525E7DA510063C310 /* SceneDelegate.swift in Sources */,
			);
			runOnlyForDeploymentPostprocessing = 0;
		};
/* End PBXSourcesBuildPhase section */

/* Begin PBXVariantGroup section */
		DCDC8A9825E7DA510063C310 /* Main.storyboard */ = {
			isa = PBXVariantGroup;
			children = (
				DCDC8A9925E7DA510063C310 /* Base */,
			);
			name = Main.storyboard;
			sourceTree = "<group>";
		};
		DCDC8A9D25E7DA530063C310 /* LaunchScreen.storyboard */ = {
			isa = PBXVariantGroup;
			children = (
				DCDC8A9E25E7DA530063C310 /* Base */,
			);
			name = LaunchScreen.storyboard;
			sourceTree = "<group>";
		};
/* End PBXVariantGroup section */

/* Begin XCBuildConfiguration section */
		DCDC8AA125E7DA530063C310 /* Debug */ = {
			isa = XCBuildConfiguration;
			buildSettings = {
				ALWAYS_SEARCH_USER_PATHS = NO;
				CLANG_ANALYZER_NONNULL = YES;
				CLANG_ANALYZER_NUMBER_OBJECT_CONVERSION = YES_AGGRESSIVE;
				CLANG_CXX_LANGUAGE_STANDARD = "gnu++14";
				CLANG_CXX_LIBRARY = "libc++";
				CLANG_ENABLE_MODULES = YES;
				CLANG_ENABLE_OBJC_ARC = YES;
				CLANG_ENABLE_OBJC_WEAK = YES;
				CLANG_WARN_BLOCK_CAPTURE_AUTORELEASING = YES;
				CLANG_WARN_BOOL_CONVERSION = YES;
				CLANG_WARN_COMMA = YES;
				CLANG_WARN_CONSTANT_CONVERSION = YES;
				CLANG_WARN_DEPRECATED_OBJC_IMPLEMENTATIONS = YES;
				CLANG_WARN_DIRECT_OBJC_ISA_USAGE = YES_ERROR;
				CLANG_WARN_DOCUMENTATION_COMMENTS = YES;
				CLANG_WARN_EMPTY_BODY = YES;
				CLANG_WARN_ENUM_CONVERSION = YES;
				CLANG_WARN_INFINITE_RECURSION = YES;
				CLANG_WARN_INT_CONVERSION = YES;
				CLANG_WARN_NON_LITERAL_NULL_CONVERSION = YES;
				CLANG_WARN_OBJC_IMPLICIT_RETAIN_SELF = YES;
				CLANG_WARN_OBJC_LITERAL_CONVERSION = YES;
				CLANG_WARN_OBJC_ROOT_CLASS = YES_ERROR;
				CLANG_WARN_QUOTED_INCLUDE_IN_FRAMEWORK_HEADER = YES;
				CLANG_WARN_RANGE_LOOP_ANALYSIS = YES;
				CLANG_WARN_STRICT_PROTOTYPES = YES;
				CLANG_WARN_SUSPICIOUS_MOVE = YES;
				CLANG_WARN_UNGUARDED_AVAILABILITY = YES_AGGRESSIVE;
				CLANG_WARN_UNREACHABLE_CODE = YES;
				CLANG_WARN__DUPLICATE_METHOD_MATCH = YES;
				COPY_PHASE_STRIP = NO;
				DEBUG_INFORMATION_FORMAT = dwarf;
				ENABLE_STRICT_OBJC_MSGSEND = YES;
				ENABLE_TESTABILITY = YES;
				GCC_C_LANGUAGE_STANDARD = gnu11;
				GCC_DYNAMIC_NO_PIC = NO;
				GCC_NO_COMMON_BLOCKS = YES;
				GCC_OPTIMIZATION_LEVEL = 0;
				GCC_PREPROCESSOR_DEFINITIONS = (
					"DEBUG=1",
					"$(inherited)",
				);
				GCC_WARN_64_TO_32_BIT_CONVERSION = YES;
				GCC_WARN_ABOUT_RETURN_TYPE = YES_ERROR;
				GCC_WARN_UNDECLARED_SELECTOR = YES;
				GCC_WARN_UNINITIALIZED_AUTOS = YES_AGGRESSIVE;
				GCC_WARN_UNUSED_FUNCTION = YES;
				GCC_WARN_UNUSED_VARIABLE = YES;
				IPHONEOS_DEPLOYMENT_TARGET = 14.4;
				MTL_ENABLE_DEBUG_INFO = INCLUDE_SOURCE;
				MTL_FAST_MATH = YES;
				ONLY_ACTIVE_ARCH = YES;
				SDKROOT = iphoneos;
				SWIFT_ACTIVE_COMPILATION_CONDITIONS = DEBUG;
				SWIFT_OPTIMIZATION_LEVEL = "-Onone";
			};
			name = Debug;
		};
		DCDC8AA225E7DA530063C310 /* Release */ = {
			isa = XCBuildConfiguration;
			buildSettings = {
				ALWAYS_SEARCH_USER_PATHS = NO;
				CLANG_ANALYZER_NONNULL = YES;
				CLANG_ANALYZER_NUMBER_OBJECT_CONVERSION = YES_AGGRESSIVE;
				CLANG_CXX_LANGUAGE_STANDARD = "gnu++14";
				CLANG_CXX_LIBRARY = "libc++";
				CLANG_ENABLE_MODULES = YES;
				CLANG_ENABLE_OBJC_ARC = YES;
				CLANG_ENABLE_OBJC_WEAK = YES;
				CLANG_WARN_BLOCK_CAPTURE_AUTORELEASING = YES;
				CLANG_WARN_BOOL_CONVERSION = YES;
				CLANG_WARN_COMMA = YES;
				CLANG_WARN_CONSTANT_CONVERSION = YES;
				CLANG_WARN_DEPRECATED_OBJC_IMPLEMENTATIONS = YES;
				CLANG_WARN_DIRECT_OBJC_ISA_USAGE = YES_ERROR;
				CLANG_WARN_DOCUMENTATION_COMMENTS = YES;
				CLANG_WARN_EMPTY_BODY = YES;
				CLANG_WARN_ENUM_CONVERSION = YES;
				CLANG_WARN_INFINITE_RECURSION = YES;
				CLANG_WARN_INT_CONVERSION = YES;
				CLANG_WARN_NON_LITERAL_NULL_CONVERSION = YES;
				CLANG_WARN_OBJC_IMPLICIT_RETAIN_SELF = YES;
				CLANG_WARN_OBJC_LITERAL_CONVERSION = YES;
				CLANG_WARN_OBJC_ROOT_CLASS = YES_ERROR;
				CLANG_WARN_QUOTED_INCLUDE_IN_FRAMEWORK_HEADER = YES;
				CLANG_WARN_RANGE_LOOP_ANALYSIS = YES;
				CLANG_WARN_STRICT_PROTOTYPES = YES;
				CLANG_WARN_SUSPICIOUS_MOVE = YES;
				CLANG_WARN_UNGUARDED_AVAILABILITY = YES_AGGRESSIVE;
				CLANG_WARN_UNREACHABLE_CODE = YES;
				CLANG_WARN__DUPLICATE_METHOD_MATCH = YES;
				COPY_PHASE_STRIP = NO;
				DEBUG_INFORMATION_FORMAT = "dwarf-with-dsym";
				ENABLE_NS_ASSERTIONS = NO;
				ENABLE_STRICT_OBJC_MSGSEND = YES;
				GCC_C_LANGUAGE_STANDARD = gnu11;
				GCC_NO_COMMON_BLOCKS = YES;
				GCC_WARN_64_TO_32_BIT_CONVERSION = YES;
				GCC_WARN_ABOUT_RETURN_TYPE = YES_ERROR;
				GCC_WARN_UNDECLARED_SELECTOR = YES;
				GCC_WARN_UNINITIALIZED_AUTOS = YES_AGGRESSIVE;
				GCC_WARN_UNUSED_FUNCTION = YES;
				GCC_WARN_UNUSED_VARIABLE = YES;
				IPHONEOS_DEPLOYMENT_TARGET = 14.4;
				MTL_ENABLE_DEBUG_INFO = NO;
				MTL_FAST_MATH = YES;
				SDKROOT = iphoneos;
				SWIFT_COMPILATION_MODE = wholemodule;
				SWIFT_OPTIMIZATION_LEVEL = "-O";
				VALIDATE_PRODUCT = YES;
			};
			name = Release;
		};
		DCDC8AA425E7DA530063C310 /* Debug */ = {
			isa = XCBuildConfiguration;
			buildSettings = {
				ASSETCATALOG_COMPILER_APPICON_NAME = AppIcon;
				ASSETCATALOG_COMPILER_GLOBAL_ACCENT_COLOR_NAME = AccentColor;
				CODE_SIGN_STYLE = Automatic;
				INFOPLIST_FILE = AssesmentMBDI2021/Info.plist;
				LD_RUNPATH_SEARCH_PATHS = (
					"$(inherited)",
					"@executable_path/Frameworks",
				);
				PRODUCT_BUNDLE_IDENTIFIER = Avans.AssesmentMBDI2021;
				PRODUCT_NAME = "$(TARGET_NAME)";
				SWIFT_VERSION = 5.0;
				TARGETED_DEVICE_FAMILY = "1,2";
			};
			name = Debug;
		};
		DCDC8AA525E7DA530063C310 /* Release */ = {
			isa = XCBuildConfiguration;
			buildSettings = {
				ASSETCATALOG_COMPILER_APPICON_NAME = AppIcon;
				ASSETCATALOG_COMPILER_GLOBAL_ACCENT_COLOR_NAME = AccentColor;
				CODE_SIGN_STYLE = Automatic;
				INFOPLIST_FILE = AssesmentMBDI2021/Info.plist;
				LD_RUNPATH_SEARCH_PATHS = (
					"$(inherited)",
					"@executable_path/Frameworks",
				);
				PRODUCT_BUNDLE_IDENTIFIER = Avans.AssesmentMBDI2021;
				PRODUCT_NAME = "$(TARGET_NAME)";
				SWIFT_VERSION = 5.0;
				TARGETED_DEVICE_FAMILY = "1,2";
			};
			name = Release;
		};
/* End XCBuildConfiguration section */

/* Begin XCConfigurationList section */
		DCDC8A8A25E7DA510063C310 /* Build configuration list for PBXProject "AssesmentMBDI2021" */ = {
			isa = XCConfigurationList;
			buildConfigurations = (
				DCDC8AA125E7DA530063C310 /* Debug */,
				DCDC8AA225E7DA530063C310 /* Release */,
			);
			defaultConfigurationIsVisible = 0;
			defaultConfigurationName = Release;
		};
		DCDC8AA325E7DA530063C310 /* Build configuration list for PBXNativeTarget "AssesmentMBDI2021" */ = {
			isa = XCConfigurationList;
			buildConfigurations = (
				DCDC8AA425E7DA530063C310 /* Debug */,
				DCDC8AA525E7DA530063C310 /* Release */,
			);
			defaultConfigurationIsVisible = 0;
			defaultConfigurationName = Release;
		};
/* End XCConfigurationList section */
	};
	rootObject = DCDC8A8725E7DA510063C310 /* Project object */;
}
